
Microsoft Visual Studio Solution File, Format Version 12.00
# Visual Studio Version 17
VisualStudioVersion = 17.2.32516.85
MinimumVisualStudioVersion = 10.0.40219.1
Project("{FAE04EC0-301F-11D3-BF4B-00C04F79EFBC}") = "DataAccess", "DataAccess\DataAccess.csproj", "{DB86E6A8-4945-42CC-ABFA-8B76DC959732}"
EndProject
Project("{FAE04EC0-301F-11D3-BF4B-00C04F79EFBC}") = "Business", "Business\Business.csproj", "{8BD46ACC-4D8D-443B-BB42-9850410DC9A8}"
EndProject
Project("{FAE04EC0-301F-11D3-BF4B-00C04F79EFBC}") = "Entities", "Entities\Entities.csproj", "{2A98989B-73F7-471F-9F2B-7426F0E2F704}"
EndProject
Project("{FAE04EC0-301F-11D3-BF4B-00C04F79EFBC}") = "ConsoleUI", "ConsoleUI\ConsoleUI.csproj", "{739BCDF3-5576-4A9D-8C71-B0CB6D911881}"
EndProject
Global
	GlobalSection(SolutionConfigurationPlatforms) = preSolution
		Debug|Any CPU = Debug|Any CPU
		Release|Any CPU = Release|Any CPU
	EndGlobalSection
	GlobalSection(ProjectConfigurationPlatforms) = postSolution
		{DB86E6A8-4945-42CC-ABFA-8B76DC959732}.Debug|Any CPU.ActiveCfg = Debug|Any CPU
		{DB86E6A8-4945-42CC-ABFA-8B76DC959732}.Debug|Any CPU.Build.0 = Debug|Any CPU
		{DB86E6A8-4945-42CC-ABFA-8B76DC959732}.Release|Any CPU.ActiveCfg = Release|Any CPU
		{DB86E6A8-4945-42CC-ABFA-8B76DC959732}.Release|Any CPU.Build.0 = Release|Any CPU
		{8BD46ACC-4D8D-443B-BB42-9850410DC9A8}.Debug|Any CPU.ActiveCfg = Debug|Any CPU
		{8BD46ACC-4D8D-443B-BB42-9850410DC9A8}.Debug|Any CPU.Build.0 = Debug|Any CPU
		{8BD46ACC-4D8D-443B-BB42-9850410DC9A8}.Release|Any CPU.ActiveCfg = Release|Any CPU
		{8BD46ACC-4D8D-443B-BB42-9850410DC9A8}.Release|Any CPU.Build.0 = Release|Any CPU
		{2A98989B-73F7-471F-9F2B-7426F0E2F704}.Debug|Any CPU.ActiveCfg = Debug|Any CPU
		{2A98989B-73F7-471F-9F2B-7426F0E2F704}.Debug|Any CPU.Build.0 = Debug|Any CPU
		{2A98989B-73F7-471F-9F2B-7426F0E2F704}.Release|Any CPU.ActiveCfg = Release|Any CPU
		{2A98989B-73F7-471F-9F2B-7426F0E2F704}.Release|Any CPU.Build.0 = Release|Any CPU
		{739BCDF3-5576-4A9D-8C71-B0CB6D911881}.Debug|Any CPU.ActiveCfg = Debug|Any CPU
		{739BCDF3-5576-4A9D-8C71-B0CB6D911881}.Debug|Any CPU.Build.0 = Debug|Any CPU
		{739BCDF3-5576-4A9D-8C71-B0CB6D911881}.Release|Any CPU.ActiveCfg = Release|Any CPU
		{739BCDF3-5576-4A9D-8C71-B0CB6D911881}.Release|Any CPU.Build.0 = Release|Any CPU
	EndGlobalSection
	GlobalSection(SolutionProperties) = preSolution
		HideSolutionNode = FALSE
	EndGlobalSection
	GlobalSection(ExtensibilityGlobals) = postSolution
		SolutionGuid = {7A13430E-321A-4A5C-BA56-5D8ACBD7614E}
	EndGlobalSection
EndGlobal
